<?xml version="1.0" encoding="utf-8"?>
<Project ToolsVersion="4.0" xmlns="http://schemas.microsoft.com/developer/msbuild/2003">
  <ItemGroup>
    <ClCompile Include="base_node.cpp" />
    <ClCompile Include="connector.cpp" />
    <ClCompile Include="main.cpp" />
    <ClCompile Include="serialib.cpp" />
    <ClCompile Include="serial_management.cpp" />
    <ClCompile Include="node_tstoint.cpp">
      <Filter>node_classes</Filter>
    </ClCompile>
    <ClCompile Include="node_basetimer.cpp">
      <Filter>node_classes</Filter>
    </ClCompile>
    <ClCompile Include="node_basiccounter.cpp">
      <Filter>node_classes</Filter>
    </ClCompile>
    <ClCompile Include="node_bifte.cpp">
      <Filter>node_classes</Filter>
    </ClCompile>
    <ClCompile Include="node_biftefl.cpp">
      <Filter>node_classes</Filter>
    </ClCompile>
    <ClCompile Include="node_biftest.cpp">
      <Filter>node_classes</Filter>
    </ClCompile>
    <ClCompile Include="node_bland.cpp">
      <Filter>node_classes</Filter>
    </ClCompile>
    <ClCompile Include="node_blbuffer.cpp">
      <Filter>node_classes</Filter>
    </ClCompile>
    <ClCompile Include="node_blfrs.cpp">
      <Filter>node_classes</Filter>
    </ClCompile>
    <ClCompile Include="node_blft.cpp">
      <Filter>node_classes</Filter>
    </ClCompile>
    <ClCompile Include="node_blnot.cpp">
      <Filter>node_classes</Filter>
    </ClCompile>
    <ClCompile Include="node_blor.cpp">
      <Filter>node_classes</Filter>
    </ClCompile>
    <ClCompile Include="node_blxor.cpp">
      <Filter>node_classes</Filter>
    </ClCompile>
    <ClCompile Include="node_bndmx.cpp">
      <Filter>node_classes</Filter>
    </ClCompile>
    <ClCompile Include="node_bnidisp.cpp">
      <Filter>node_classes</Filter>
    </ClCompile>
    <ClCompile Include="node_ctimest.cpp">
      <Filter>node_classes</Filter>
    </ClCompile>
    <ClCompile Include="node_eowt.cpp">
      <Filter>node_classes</Filter>
    </ClCompile>
    <ClCompile Include="node_floatcomp.cpp">
      <Filter>node_classes</Filter>
    </ClCompile>
    <ClCompile Include="node_intcomp.cpp">
      <Filter>node_classes</Filter>
    </ClCompile>
    <ClCompile Include="node_nbcobof.cpp">
      <Filter>node_classes</Filter>
    </ClCompile>
    <ClCompile Include="node_nbcobot.cpp">
      <Filter>node_classes</Filter>
    </ClCompile>
    <ClCompile Include="node_nbcofl.cpp">
      <Filter>node_classes</Filter>
    </ClCompile>
    <ClCompile Include="node_nbcoin.cpp">
      <Filter>node_classes</Filter>
    </ClCompile>
    <ClCompile Include="node_nbcost.cpp">
      <Filter>node_classes</Filter>
    </ClCompile>
    <ClCompile Include="node_nbdi.cpp">
      <Filter>node_classes</Filter>
    </ClCompile>
    <ClCompile Include="node_nbdo.cpp">
      <Filter>node_classes</Filter>
    </ClCompile>
    <ClCompile Include="node_nbfltostr.cpp">
      <Filter>node_classes</Filter>
    </ClCompile>
    <ClCompile Include="node_nbftoi.cpp">
      <Filter>node_classes</Filter>
    </ClCompile>
    <ClCompile Include="node_nbinttostr.cpp">
      <Filter>node_classes</Filter>
    </ClCompile>
    <ClCompile Include="node_nbitof.cpp">
      <Filter>node_classes</Filter>
    </ClCompile>
    <ClCompile Include="node_nbsttof.cpp">
      <Filter>node_classes</Filter>
    </ClCompile>
    <ClCompile Include="node_nbsttoi.cpp">
      <Filter>node_classes</Filter>
    </ClCompile>
    <ClCompile Include="node_opwemare.cpp">
      <Filter>node_classes</Filter>
    </ClCompile>
    <ClCompile Include="node_phhlux.cpp">
      <Filter>node_classes</Filter>
    </ClCompile>
    <ClCompile Include="node_simplemath.cpp">
      <Filter>node_classes</Filter>
    </ClCompile>
    <ClCompile Include="node_strcomp.cpp">
      <Filter>node_classes</Filter>
    </ClCompile>
    <ClCompile Include="node_stringappend.cpp">
      <Filter>node_classes</Filter>
    </ClCompile>
    <ClCompile Include="node_stringoffset.cpp">
      <Filter>node_classes</Filter>
    </ClCompile>
    <ClCompile Include="node_stringsplit.cpp">
      <Filter>node_classes</Filter>
    </ClCompile>
    <ClCompile Include="node_nbss.cpp">
      <Filter>node_classes</Filter>
    </ClCompile>
    <ClCompile Include="node_nbrs.cpp" />
  </ItemGroup>
  <ItemGroup>
    <ClInclude Include="base_node.h" />
    <ClInclude Include="galik.h" />
    <ClInclude Include="connector.h" />
    <ClInclude Include="main_node_include.h" />
    <ClInclude Include="serialib.h" />
    <ClInclude Include="serial_management.h" />
    <ClInclude Include="single_node_include.h" />
    <ClInclude Include="node_tstoint.h">
      <Filter>node_headers</Filter>
    </ClInclude>
    <ClInclude Include="node_stringsplit.h">
      <Filter>node_headers</Filter>
    </ClInclude>
    <ClInclude Include="node_stringoffset.h">
      <Filter>node_headers</Filter>
    </ClInclude>
    <ClInclude Include="node_stringappend.h">
      <Filter>node_headers</Filter>
    </ClInclude>
    <ClInclude Include="node_strcomp.h">
      <Filter>node_headers</Filter>
    </ClInclude>
    <ClInclude Include="node_simplemath.h">
      <Filter>node_headers</Filter>
    </ClInclude>
    <ClInclude Include="node_phhlux.h">
      <Filter>node_headers</Filter>
    </ClInclude>
    <ClInclude Include="node_opwemare.h">
      <Filter>node_headers</Filter>
    </ClInclude>
    <ClInclude Include="node_nbsttoi.h">
      <Filter>node_headers</Filter>
    </ClInclude>
    <ClInclude Include="node_nbsttof.h">
      <Filter>node_headers</Filter>
    </ClInclude>
    <ClInclude Include="node_nbitof.h">
      <Filter>node_headers</Filter>
    </ClInclude>
    <ClInclude Include="node_nbinttostr.h">
      <Filter>node_headers</Filter>
    </ClInclude>
    <ClInclude Include="node_nbftoi.h">
      <Filter>node_headers</Filter>
    </ClInclude>
    <ClInclude Include="node_nbfltostr.h">
      <Filter>node_headers</Filter>
    </ClInclude>
    <ClInclude Include="node_nbdo.h">
      <Filter>node_headers</Filter>
    </ClInclude>
    <ClInclude Include="node_nbdi.h">
      <Filter>node_headers</Filter>
    </ClInclude>
    <ClInclude Include="node_nbcost.h">
      <Filter>node_headers</Filter>
    </ClInclude>
    <ClInclude Include="node_nbcoin.h">
      <Filter>node_headers</Filter>
    </ClInclude>
    <ClInclude Include="node_nbcofl.h">
      <Filter>node_headers</Filter>
    </ClInclude>
    <ClInclude Include="node_nbcobot.h">
      <Filter>node_headers</Filter>
    </ClInclude>
    <ClInclude Include="node_nbcobof.h">
      <Filter>node_headers</Filter>
    </ClInclude>
    <ClInclude Include="node_intcomp.h">
      <Filter>node_headers</Filter>
    </ClInclude>
    <ClInclude Include="node_floatcomp.h">
      <Filter>node_headers</Filter>
    </ClInclude>
    <ClInclude Include="node_eowt.h">
      <Filter>node_headers</Filter>
    </ClInclude>
    <ClInclude Include="node_ctimest.h">
      <Filter>node_headers</Filter>
    </ClInclude>
    <ClInclude Include="node_bnidisp.h">
      <Filter>node_headers</Filter>
    </ClInclude>
    <ClInclude Include="node_bndmx.h">
      <Filter>node_headers</Filter>
    </ClInclude>
    <ClInclude Include="node_blxor.h">
      <Filter>node_headers</Filter>
    </ClInclude>
    <ClInclude Include="node_blor.h">
      <Filter>node_headers</Filter>
    </ClInclude>
    <ClInclude Include="node_blnot.h">
      <Filter>node_headers</Filter>
    </ClInclude>
    <ClInclude Include="node_blft.h">
      <Filter>node_headers</Filter>
    </ClInclude>
    <ClInclude Include="node_blfrs.h">
      <Filter>node_headers</Filter>
    </ClInclude>
    <ClInclude Include="node_blbuffer.h">
      <Filter>node_headers</Filter>
    </ClInclude>
    <ClInclude Include="node_bland.h">
      <Filter>node_headers</Filter>
    </ClInclude>
    <ClInclude Include="node_biftest.h">
      <Filter>node_headers</Filter>
    </ClInclude>
    <ClInclude Include="node_biftefl.h">
      <Filter>node_headers</Filter>
    </ClInclude>
    <ClInclude Include="node_bifte.h">
      <Filter>node_headers</Filter>
    </ClInclude>
    <ClInclude Include="node_basiccounter.h">
      <Filter>node_headers</Filter>
    </ClInclude>
    <ClInclude Include="node_basetimer.h">
      <Filter>node_headers</Filter>
    </ClInclude>
    <ClInclude Include="node_nbss.h">
      <Filter>node_headers</Filter>
    </ClInclude>
    <ClInclude Include="node_nbrs.h" />
  </ItemGroup>
  <ItemGroup>
    <None Include="debug.mak" />
    <None Include="Makefile" />
    <None Include="release.mak" />
    <None Include="ClassDiagram.cd" />
    <None Include="debug_remote.mak">
      <Filter>Make files</Filter>
    </None>
  </ItemGroup>
  <ItemGroup>
    <Text Include="TEXTCONFIG.txt" />
  </ItemGroup>
  <ItemGroup>
    <Filter Include="Make files">
      <UniqueIdentifier>{0cf47616-e852-45e6-abf5-79e15844b818}</UniqueIdentifier>
    </Filter>
    <Filter Include="node_classes">
      <UniqueIdentifier>{c334f4f5-b34d-4b08-8786-f1c0db03ff67}</UniqueIdentifier>
    </Filter>
    <Filter Include="node_headers">
      <UniqueIdentifier>{4edfd5bd-d9af-4ccf-ac8d-41c8fe6f4162}</UniqueIdentifier>
    </Filter>
  </ItemGroup>
</Project>